// !$*UTF8*$!
{
	archiveVersion = 1;
	classes = {
	};
	objectVersion = 50;
	objects = {

/* Begin PBXBuildFile section */
		0413930024FA6F270051F53B /* SignupViewControllerTest.swift in Sources */ = {isa = PBXBuildFile; fileRef = 041392FF24FA6F270051F53B /* SignupViewControllerTest.swift */; };
		0413930224FA708F0051F53B /* SignUpViewController.swift in Sources */ = {isa = PBXBuildFile; fileRef = 0413930124FA708F0051F53B /* SignUpViewController.swift */; };
		0413930424FA83850051F53B /* MockSignupPresenter.swift in Sources */ = {isa = PBXBuildFile; fileRef = 0413930324FA83850051F53B /* MockSignupPresenter.swift */; };
		044ED35724F7F2B900CF3BE5 /* AppDelegate.swift in Sources */ = {isa = PBXBuildFile; fileRef = 044ED35624F7F2B900CF3BE5 /* AppDelegate.swift */; };
		044ED35924F7F2B900CF3BE5 /* SceneDelegate.swift in Sources */ = {isa = PBXBuildFile; fileRef = 044ED35824F7F2B900CF3BE5 /* SceneDelegate.swift */; };
		044ED35B24F7F2B900CF3BE5 /* ViewController.swift in Sources */ = {isa = PBXBuildFile; fileRef = 044ED35A24F7F2B900CF3BE5 /* ViewController.swift */; };
		044ED35E24F7F2B900CF3BE5 /* Main.storyboard in Resources */ = {isa = PBXBuildFile; fileRef = 044ED35C24F7F2B900CF3BE5 /* Main.storyboard */; };
		044ED36024F7F2BB00CF3BE5 /* Assets.xcassets in Resources */ = {isa = PBXBuildFile; fileRef = 044ED35F24F7F2BB00CF3BE5 /* Assets.xcassets */; };
		044ED36324F7F2BB00CF3BE5 /* LaunchScreen.storyboard in Resources */ = {isa = PBXBuildFile; fileRef = 044ED36124F7F2BB00CF3BE5 /* LaunchScreen.storyboard */; };
		044ED37924F7F38800CF3BE5 /* SignupFormValidatorTest.swift in Sources */ = {isa = PBXBuildFile; fileRef = 044ED37824F7F38800CF3BE5 /* SignupFormValidatorTest.swift */; };
		044ED37C24F7F47300CF3BE5 /* SignUpFormValidator.swift in Sources */ = {isa = PBXBuildFile; fileRef = 044ED37B24F7F47300CF3BE5 /* SignUpFormValidator.swift */; };
		044ED37E24F7FC8500CF3BE5 /* Constants.swift in Sources */ = {isa = PBXBuildFile; fileRef = 044ED37D24F7FC8500CF3BE5 /* Constants.swift */; };
		044ED38024F897CC00CF3BE5 /* SignupWebServicesTest.swift in Sources */ = {isa = PBXBuildFile; fileRef = 044ED37F24F897CC00CF3BE5 /* SignupWebServicesTest.swift */; };
		044ED38324F8986D00CF3BE5 /* SignupWebServices.swift in Sources */ = {isa = PBXBuildFile; fileRef = 044ED38224F8986D00CF3BE5 /* SignupWebServices.swift */; };
		044ED38624F8996000CF3BE5 /* SignupFormRequestModel.swift in Sources */ = {isa = PBXBuildFile; fileRef = 044ED38524F8996000CF3BE5 /* SignupFormRequestModel.swift */; };
		044ED38824F89C0600CF3BE5 /* SignupFormResponseModel.swift in Sources */ = {isa = PBXBuildFile; fileRef = 044ED38724F89C0600CF3BE5 /* SignupFormResponseModel.swift */; };
		044ED38A24F89C6100CF3BE5 /* SignUpError.swift in Sources */ = {isa = PBXBuildFile; fileRef = 044ED38924F89C6100CF3BE5 /* SignUpError.swift */; };
		0459039C24FA494D000DB3A3 /* MockSignupWebService.swift in Sources */ = {isa = PBXBuildFile; fileRef = 0459039B24FA494D000DB3A3 /* MockSignupWebService.swift */; };
		0459039E24FA501F000DB3A3 /* MockSignupViewDelegate.swift in Sources */ = {isa = PBXBuildFile; fileRef = 0459039D24FA501F000DB3A3 /* MockSignupViewDelegate.swift */; };
		0466086724F8E7BF009C8281 /* MockURLProtocol.swift in Sources */ = {isa = PBXBuildFile; fileRef = 0466086624F8E7BF009C8281 /* MockURLProtocol.swift */; };
		0466086A24FA0C73009C8281 /* SignupPresenterTest.swift in Sources */ = {isa = PBXBuildFile; fileRef = 0466086924FA0C73009C8281 /* SignupPresenterTest.swift */; };
		0466086C24FA0E0B009C8281 /* SignupFormModel.swift in Sources */ = {isa = PBXBuildFile; fileRef = 0466086B24FA0E0B009C8281 /* SignupFormModel.swift */; };
		0466086F24FA0EDF009C8281 /* SignupPresenter.swift in Sources */ = {isa = PBXBuildFile; fileRef = 0466086E24FA0EDF009C8281 /* SignupPresenter.swift */; };
		0466087224FA1814009C8281 /* MockSignupValidator.swift in Sources */ = {isa = PBXBuildFile; fileRef = 0466087124FA1814009C8281 /* MockSignupValidator.swift */; };
/* End PBXBuildFile section */

/* Begin PBXContainerItemProxy section */
		044ED36A24F7F2BC00CF3BE5 /* PBXContainerItemProxy */ = {
			isa = PBXContainerItemProxy;
			containerPortal = 044ED34B24F7F2B900CF3BE5 /* Project object */;
			proxyType = 1;
			remoteGlobalIDString = 044ED35224F7F2B900CF3BE5;
			remoteInfo = BriefToTest;
		};
/* End PBXContainerItemProxy section */

/* Begin PBXFileReference section */
		041392FF24FA6F270051F53B /* SignupViewControllerTest.swift */ = {isa = PBXFileReference; lastKnownFileType = sourcecode.swift; path = SignupViewControllerTest.swift; sourceTree = "<group>"; };
		0413930124FA708F0051F53B /* SignUpViewController.swift */ = {isa = PBXFileReference; lastKnownFileType = sourcecode.swift; path = SignUpViewController.swift; sourceTree = "<group>"; };
		0413930324FA83850051F53B /* MockSignupPresenter.swift */ = {isa = PBXFileReference; lastKnownFileType = sourcecode.swift; path = MockSignupPresenter.swift; sourceTree = "<group>"; };
		044ED35324F7F2B900CF3BE5 /* BriefToTest.app */ = {isa = PBXFileReference; explicitFileType = wrapper.application; includeInIndex = 0; path = BriefToTest.app; sourceTree = BUILT_PRODUCTS_DIR; };
		044ED35624F7F2B900CF3BE5 /* AppDelegate.swift */ = {isa = PBXFileReference; lastKnownFileType = sourcecode.swift; path = AppDelegate.swift; sourceTree = "<group>"; };
		044ED35824F7F2B900CF3BE5 /* SceneDelegate.swift */ = {isa = PBXFileReference; lastKnownFileType = sourcecode.swift; path = SceneDelegate.swift; sourceTree = "<group>"; };
		044ED35A24F7F2B900CF3BE5 /* ViewController.swift */ = {isa = PBXFileReference; lastKnownFileType = sourcecode.swift; path = ViewController.swift; sourceTree = "<group>"; };
		044ED35D24F7F2B900CF3BE5 /* Base */ = {isa = PBXFileReference; lastKnownFileType = file.storyboard; name = Base; path = Base.lproj/Main.storyboard; sourceTree = "<group>"; };
		044ED35F24F7F2BB00CF3BE5 /* Assets.xcassets */ = {isa = PBXFileReference; lastKnownFileType = folder.assetcatalog; path = Assets.xcassets; sourceTree = "<group>"; };
		044ED36224F7F2BB00CF3BE5 /* Base */ = {isa = PBXFileReference; lastKnownFileType = file.storyboard; name = Base; path = Base.lproj/LaunchScreen.storyboard; sourceTree = "<group>"; };
		044ED36424F7F2BB00CF3BE5 /* Info.plist */ = {isa = PBXFileReference; lastKnownFileType = text.plist.xml; path = Info.plist; sourceTree = "<group>"; };
		044ED36924F7F2BC00CF3BE5 /* BriefToTestTests.xctest */ = {isa = PBXFileReference; explicitFileType = wrapper.cfbundle; includeInIndex = 0; path = BriefToTestTests.xctest; sourceTree = BUILT_PRODUCTS_DIR; };
		044ED36F24F7F2BC00CF3BE5 /* Info.plist */ = {isa = PBXFileReference; lastKnownFileType = text.plist.xml; path = Info.plist; sourceTree = "<group>"; };
		044ED37824F7F38800CF3BE5 /* SignupFormValidatorTest.swift */ = {isa = PBXFileReference; lastKnownFileType = sourcecode.swift; path = SignupFormValidatorTest.swift; sourceTree = "<group>"; };
		044ED37B24F7F47300CF3BE5 /* SignUpFormValidator.swift */ = {isa = PBXFileReference; lastKnownFileType = sourcecode.swift; path = SignUpFormValidator.swift; sourceTree = "<group>"; };
		044ED37D24F7FC8500CF3BE5 /* Constants.swift */ = {isa = PBXFileReference; lastKnownFileType = sourcecode.swift; path = Constants.swift; sourceTree = "<group>"; };
		044ED37F24F897CC00CF3BE5 /* SignupWebServicesTest.swift */ = {isa = PBXFileReference; lastKnownFileType = sourcecode.swift; path = SignupWebServicesTest.swift; sourceTree = "<group>"; };
		044ED38224F8986D00CF3BE5 /* SignupWebServices.swift */ = {isa = PBXFileReference; lastKnownFileType = sourcecode.swift; path = SignupWebServices.swift; sourceTree = "<group>"; };
		044ED38524F8996000CF3BE5 /* SignupFormRequestModel.swift */ = {isa = PBXFileReference; lastKnownFileType = sourcecode.swift; path = SignupFormRequestModel.swift; sourceTree = "<group>"; };
		044ED38724F89C0600CF3BE5 /* SignupFormResponseModel.swift */ = {isa = PBXFileReference; lastKnownFileType = sourcecode.swift; path = SignupFormResponseModel.swift; sourceTree = "<group>"; };
		044ED38924F89C6100CF3BE5 /* SignUpError.swift */ = {isa = PBXFileReference; lastKnownFileType = sourcecode.swift; path = SignUpError.swift; sourceTree = "<group>"; };
		0459039B24FA494D000DB3A3 /* MockSignupWebService.swift */ = {isa = PBXFileReference; lastKnownFileType = sourcecode.swift; path = MockSignupWebService.swift; sourceTree = "<group>"; };
		0459039D24FA501F000DB3A3 /* MockSignupViewDelegate.swift */ = {isa = PBXFileReference; lastKnownFileType = sourcecode.swift; path = MockSignupViewDelegate.swift; sourceTree = "<group>"; };
		0466086624F8E7BF009C8281 /* MockURLProtocol.swift */ = {isa = PBXFileReference; lastKnownFileType = sourcecode.swift; path = MockURLProtocol.swift; sourceTree = "<group>"; };
		0466086924FA0C73009C8281 /* SignupPresenterTest.swift */ = {isa = PBXFileReference; lastKnownFileType = sourcecode.swift; path = SignupPresenterTest.swift; sourceTree = "<group>"; };
		0466086B24FA0E0B009C8281 /* SignupFormModel.swift */ = {isa = PBXFileReference; lastKnownFileType = sourcecode.swift; path = SignupFormModel.swift; sourceTree = "<group>"; };
		0466086E24FA0EDF009C8281 /* SignupPresenter.swift */ = {isa = PBXFileReference; lastKnownFileType = sourcecode.swift; path = SignupPresenter.swift; sourceTree = "<group>"; };
		0466087124FA1814009C8281 /* MockSignupValidator.swift */ = {isa = PBXFileReference; lastKnownFileType = sourcecode.swift; path = MockSignupValidator.swift; sourceTree = "<group>"; };
/* End PBXFileReference section */

/* Begin PBXFrameworksBuildPhase section */
		044ED35024F7F2B900CF3BE5 /* Frameworks */ = {
			isa = PBXFrameworksBuildPhase;
			buildActionMask = 2147483647;
			files = (
			);
			runOnlyForDeploymentPostprocessing = 0;
		};
		044ED36624F7F2BC00CF3BE5 /* Frameworks */ = {
			isa = PBXFrameworksBuildPhase;
			buildActionMask = 2147483647;
			files = (
			);
			runOnlyForDeploymentPostprocessing = 0;
		};
/* End PBXFrameworksBuildPhase section */

/* Begin PBXGroup section */
		041392FE24FA6F060051F53B /* View */ = {
			isa = PBXGroup;
			children = (
				041392FF24FA6F270051F53B /* SignupViewControllerTest.swift */,
			);
			path = View;
			sourceTree = "<group>";
		};
		044ED34A24F7F2B900CF3BE5 = {
			isa = PBXGroup;
			children = (
				044ED35524F7F2B900CF3BE5 /* BriefToTest */,
				044ED36C24F7F2BC00CF3BE5 /* BriefToTestTests */,
				044ED35424F7F2B900CF3BE5 /* Products */,
			);
			sourceTree = "<group>";
		};
		044ED35424F7F2B900CF3BE5 /* Products */ = {
			isa = PBXGroup;
			children = (
				044ED35324F7F2B900CF3BE5 /* BriefToTest.app */,
				044ED36924F7F2BC00CF3BE5 /* BriefToTestTests.xctest */,
			);
			name = Products;
			sourceTree = "<group>";
		};
		044ED35524F7F2B900CF3BE5 /* BriefToTest */ = {
			isa = PBXGroup;
			children = (
				0466086D24FA0ED2009C8281 /* Presenter */,
				044ED38B24F89CB500CF3BE5 /* Models */,
				044ED38424F8994F00CF3BE5 /* ViewModels */,
				044ED38124F8984E00CF3BE5 /* Networking */,
				044ED37A24F7F46300CF3BE5 /* Validator */,
				0459039F24FA50A6000DB3A3 /* Views */,
				044ED35624F7F2B900CF3BE5 /* AppDelegate.swift */,
				044ED35824F7F2B900CF3BE5 /* SceneDelegate.swift */,
				044ED35C24F7F2B900CF3BE5 /* Main.storyboard */,
				044ED35F24F7F2BB00CF3BE5 /* Assets.xcassets */,
				044ED36124F7F2BB00CF3BE5 /* LaunchScreen.storyboard */,
				044ED36424F7F2BB00CF3BE5 /* Info.plist */,
			);
			path = BriefToTest;
			sourceTree = "<group>";
		};
		044ED36C24F7F2BC00CF3BE5 /* BriefToTestTests */ = {
			isa = PBXGroup;
			children = (
				045D9F3624FA1DA200AB1EB0 /* Mocks */,
				041392FE24FA6F060051F53B /* View */,
				0466086824FA0C59009C8281 /* Presenter */,
				044ED38D24F89E3B00CF3BE5 /* Networking */,
				044ED38C24F89E2B00CF3BE5 /* Validator */,
				044ED36F24F7F2BC00CF3BE5 /* Info.plist */,
			);
			path = BriefToTestTests;
			sourceTree = "<group>";
		};
		044ED37A24F7F46300CF3BE5 /* Validator */ = {
			isa = PBXGroup;
			children = (
				044ED37B24F7F47300CF3BE5 /* SignUpFormValidator.swift */,
				044ED37D24F7FC8500CF3BE5 /* Constants.swift */,
			);
			path = Validator;
			sourceTree = "<group>";
		};
		044ED38124F8984E00CF3BE5 /* Networking */ = {
			isa = PBXGroup;
			children = (
				044ED38224F8986D00CF3BE5 /* SignupWebServices.swift */,
			);
			path = Networking;
			sourceTree = "<group>";
		};
		044ED38424F8994F00CF3BE5 /* ViewModels */ = {
			isa = PBXGroup;
			children = (
				044ED38524F8996000CF3BE5 /* SignupFormRequestModel.swift */,
			);
			path = ViewModels;
			sourceTree = "<group>";
		};
		044ED38B24F89CB500CF3BE5 /* Models */ = {
			isa = PBXGroup;
			children = (
				044ED38724F89C0600CF3BE5 /* SignupFormResponseModel.swift */,
				044ED38924F89C6100CF3BE5 /* SignUpError.swift */,
				0466086B24FA0E0B009C8281 /* SignupFormModel.swift */,
			);
			path = Models;
			sourceTree = "<group>";
		};
		044ED38C24F89E2B00CF3BE5 /* Validator */ = {
			isa = PBXGroup;
			children = (
				044ED37824F7F38800CF3BE5 /* SignupFormValidatorTest.swift */,
			);
			path = Validator;
			sourceTree = "<group>";
		};
		044ED38D24F89E3B00CF3BE5 /* Networking */ = {
			isa = PBXGroup;
			children = (
				044ED37F24F897CC00CF3BE5 /* SignupWebServicesTest.swift */,
			);
			path = Networking;
			sourceTree = "<group>";
		};
		0459039F24FA50A6000DB3A3 /* Views */ = {
			isa = PBXGroup;
			children = (
				0413930124FA708F0051F53B /* SignUpViewController.swift */,
				044ED35A24F7F2B900CF3BE5 /* ViewController.swift */,
			);
			path = Views;
			sourceTree = "<group>";
		};
		045D9F3624FA1DA200AB1EB0 /* Mocks */ = {
			isa = PBXGroup;
			children = (
				0466087124FA1814009C8281 /* MockSignupValidator.swift */,
				0466086624F8E7BF009C8281 /* MockURLProtocol.swift */,
				0459039B24FA494D000DB3A3 /* MockSignupWebService.swift */,
				0459039D24FA501F000DB3A3 /* MockSignupViewDelegate.swift */,
				0413930324FA83850051F53B /* MockSignupPresenter.swift */,
			);
			path = Mocks;
			sourceTree = "<group>";
		};
		0466086824FA0C59009C8281 /* Presenter */ = {
			isa = PBXGroup;
			children = (
				0466086924FA0C73009C8281 /* SignupPresenterTest.swift */,
			);
			path = Presenter;
			sourceTree = "<group>";
		};
		0466086D24FA0ED2009C8281 /* Presenter */ = {
			isa = PBXGroup;
			children = (
				0466086E24FA0EDF009C8281 /* SignupPresenter.swift */,
			);
			path = Presenter;
			sourceTree = "<group>";
		};
/* End PBXGroup section */

/* Begin PBXNativeTarget section */
		044ED35224F7F2B900CF3BE5 /* BriefToTest */ = {
			isa = PBXNativeTarget;
			buildConfigurationList = 044ED37224F7F2BC00CF3BE5 /* Build configuration list for PBXNativeTarget "BriefToTest" */;
			buildPhases = (
				044ED34F24F7F2B900CF3BE5 /* Sources */,
				044ED35024F7F2B900CF3BE5 /* Frameworks */,
				044ED35124F7F2B900CF3BE5 /* Resources */,
			);
			buildRules = (
			);
			dependencies = (
			);
			name = BriefToTest;
			productName = BriefToTest;
			productReference = 044ED35324F7F2B900CF3BE5 /* BriefToTest.app */;
			productType = "com.apple.product-type.application";
		};
		044ED36824F7F2BC00CF3BE5 /* BriefToTestTests */ = {
			isa = PBXNativeTarget;
			buildConfigurationList = 044ED37524F7F2BC00CF3BE5 /* Build configuration list for PBXNativeTarget "BriefToTestTests" */;
			buildPhases = (
				044ED36524F7F2BC00CF3BE5 /* Sources */,
				044ED36624F7F2BC00CF3BE5 /* Frameworks */,
				044ED36724F7F2BC00CF3BE5 /* Resources */,
			);
			buildRules = (
			);
			dependencies = (
				044ED36B24F7F2BC00CF3BE5 /* PBXTargetDependency */,
			);
			name = BriefToTestTests;
			productName = BriefToTestTests;
			productReference = 044ED36924F7F2BC00CF3BE5 /* BriefToTestTests.xctest */;
			productType = "com.apple.product-type.bundle.unit-test";
		};
/* End PBXNativeTarget section */

/* Begin PBXProject section */
		044ED34B24F7F2B900CF3BE5 /* Project object */ = {
			isa = PBXProject;
			attributes = {
				LastSwiftUpdateCheck = 1160;
				LastUpgradeCheck = 1160;
				ORGANIZATIONNAME = "Christian Stevanus";
				TargetAttributes = {
					044ED35224F7F2B900CF3BE5 = {
						CreatedOnToolsVersion = 11.6;
					};
					044ED36824F7F2BC00CF3BE5 = {
						CreatedOnToolsVersion = 11.6;
						TestTargetID = 044ED35224F7F2B900CF3BE5;
					};
				};
			};
			buildConfigurationList = 044ED34E24F7F2B900CF3BE5 /* Build configuration list for PBXProject "BriefToTest" */;
			compatibilityVersion = "Xcode 9.3";
			developmentRegion = en;
			hasScannedForEncodings = 0;
			knownRegions = (
				en,
				Base,
			);
			mainGroup = 044ED34A24F7F2B900CF3BE5;
			productRefGroup = 044ED35424F7F2B900CF3BE5 /* Products */;
			projectDirPath = "";
			projectRoot = "";
			targets = (
				044ED35224F7F2B900CF3BE5 /* BriefToTest */,
				044ED36824F7F2BC00CF3BE5 /* BriefToTestTests */,
			);
		};
/* End PBXProject section */

/* Begin PBXResourcesBuildPhase section */
		044ED35124F7F2B900CF3BE5 /* Resources */ = {
			isa = PBXResourcesBuildPhase;
			buildActionMask = 2147483647;
			files = (
				044ED36324F7F2BB00CF3BE5 /* LaunchScreen.storyboard in Resources */,
				044ED36024F7F2BB00CF3BE5 /* Assets.xcassets in Resources */,
				044ED35E24F7F2B900CF3BE5 /* Main.storyboard in Resources */,
			);
			runOnlyForDeploymentPostprocessing = 0;
		};
		044ED36724F7F2BC00CF3BE5 /* Resources */ = {
			isa = PBXResourcesBuildPhase;
			buildActionMask = 2147483647;
			files = (
			);
			runOnlyForDeploymentPostprocessing = 0;
		};
/* End PBXResourcesBuildPhase section */

/* Begin PBXSourcesBuildPhase section */
		044ED34F24F7F2B900CF3BE5 /* Sources */ = {
			isa = PBXSourcesBuildPhase;
			buildActionMask = 2147483647;
			files = (
				0466086F24FA0EDF009C8281 /* SignupPresenter.swift in Sources */,
				044ED38324F8986D00CF3BE5 /* SignupWebServices.swift in Sources */,
				044ED37E24F7FC8500CF3BE5 /* Constants.swift in Sources */,
				044ED38A24F89C6100CF3BE5 /* SignUpError.swift in Sources */,
				044ED38824F89C0600CF3BE5 /* SignupFormResponseModel.swift in Sources */,
				044ED37C24F7F47300CF3BE5 /* SignUpFormValidator.swift in Sources */,
				0413930224FA708F0051F53B /* SignUpViewController.swift in Sources */,
				0466086C24FA0E0B009C8281 /* SignupFormModel.swift in Sources */,
				044ED35B24F7F2B900CF3BE5 /* ViewController.swift in Sources */,
				044ED38624F8996000CF3BE5 /* SignupFormRequestModel.swift in Sources */,
				044ED35724F7F2B900CF3BE5 /* AppDelegate.swift in Sources */,
				044ED35924F7F2B900CF3BE5 /* SceneDelegate.swift in Sources */,
			);
			runOnlyForDeploymentPostprocessing = 0;
		};
		044ED36524F7F2BC00CF3BE5 /* Sources */ = {
			isa = PBXSourcesBuildPhase;
			buildActionMask = 2147483647;
			files = (
				0413930424FA83850051F53B /* MockSignupPresenter.swift in Sources */,
				0459039C24FA494D000DB3A3 /* MockSignupWebService.swift in Sources */,
				0466086724F8E7BF009C8281 /* MockURLProtocol.swift in Sources */,
				044ED37924F7F38800CF3BE5 /* SignupFormValidatorTest.swift in Sources */,
				0466086A24FA0C73009C8281 /* SignupPresenterTest.swift in Sources */,
				0466087224FA1814009C8281 /* MockSignupValidator.swift in Sources */,
				044ED38024F897CC00CF3BE5 /* SignupWebServicesTest.swift in Sources */,
				0413930024FA6F270051F53B /* SignupViewControllerTest.swift in Sources */,
				0459039E24FA501F000DB3A3 /* MockSignupViewDelegate.swift in Sources */,
			);
			runOnlyForDeploymentPostprocessing = 0;
		};
/* End PBXSourcesBuildPhase section */

/* Begin PBXTargetDependency section */
		044ED36B24F7F2BC00CF3BE5 /* PBXTargetDependency */ = {
			isa = PBXTargetDependency;
			target = 044ED35224F7F2B900CF3BE5 /* BriefToTest */;
			targetProxy = 044ED36A24F7F2BC00CF3BE5 /* PBXContainerItemProxy */;
		};
/* End PBXTargetDependency section */

/* Begin PBXVariantGroup section */
		044ED35C24F7F2B900CF3BE5 /* Main.storyboard */ = {
			isa = PBXVariantGroup;
			children = (
				044ED35D24F7F2B900CF3BE5 /* Base */,
			);
			name = Main.storyboard;
			sourceTree = "<group>";
		};
		044ED36124F7F2BB00CF3BE5 /* LaunchScreen.storyboard */ = {
			isa = PBXVariantGroup;
			children = (
				044ED36224F7F2BB00CF3BE5 /* Base */,
			);
			name = LaunchScreen.storyboard;
			sourceTree = "<group>";
		};
/* End PBXVariantGroup section */

/* Begin XCBuildConfiguration section */
		044ED37024F7F2BC00CF3BE5 /* Debug */ = {
			isa = XCBuildConfiguration;
			buildSettings = {
				ALWAYS_SEARCH_USER_PATHS = NO;
				CLANG_ANALYZER_NONNULL = YES;
				CLANG_ANALYZER_NUMBER_OBJECT_CONVERSION = YES_AGGRESSIVE;
				CLANG_CXX_LANGUAGE_STANDARD = "gnu++14";
				CLANG_CXX_LIBRARY = "libc++";
				CLANG_ENABLE_MODULES = YES;
				CLANG_ENABLE_OBJC_ARC = YES;
				CLANG_ENABLE_OBJC_WEAK = YES;
				CLANG_WARN_BLOCK_CAPTURE_AUTORELEASING = YES;
				CLANG_WARN_BOOL_CONVERSION = YES;
				CLANG_WARN_COMMA = YES;
				CLANG_WARN_CONSTANT_CONVERSION = YES;
				CLANG_WARN_DEPRECATED_OBJC_IMPLEMENTATIONS = YES;
				CLANG_WARN_DIRECT_OBJC_ISA_USAGE = YES_ERROR;
				CLANG_WARN_DOCUMENTATION_COMMENTS = YES;
				CLANG_WARN_EMPTY_BODY = YES;
				CLANG_WARN_ENUM_CONVERSION = YES;
				CLANG_WARN_INFINITE_RECURSION = YES;
				CLANG_WARN_INT_CONVERSION = YES;
				CLANG_WARN_NON_LITERAL_NULL_CONVERSION = YES;
				CLANG_WARN_OBJC_IMPLICIT_RETAIN_SELF = YES;
				CLANG_WARN_OBJC_LITERAL_CONVERSION = YES;
				CLANG_WARN_OBJC_ROOT_CLASS = YES_ERROR;
				CLANG_WARN_RANGE_LOOP_ANALYSIS = YES;
				CLANG_WARN_STRICT_PROTOTYPES = YES;
				CLANG_WARN_SUSPICIOUS_MOVE = YES;
				CLANG_WARN_UNGUARDED_AVAILABILITY = YES_AGGRESSIVE;
				CLANG_WARN_UNREACHABLE_CODE = YES;
				CLANG_WARN__DUPLICATE_METHOD_MATCH = YES;
				COPY_PHASE_STRIP = NO;
				DEBUG_INFORMATION_FORMAT = dwarf;
				ENABLE_STRICT_OBJC_MSGSEND = YES;
				ENABLE_TESTABILITY = YES;
				GCC_C_LANGUAGE_STANDARD = gnu11;
				GCC_DYNAMIC_NO_PIC = NO;
				GCC_NO_COMMON_BLOCKS = YES;
				GCC_OPTIMIZATION_LEVEL = 0;
				GCC_PREPROCESSOR_DEFINITIONS = (
					"DEBUG=1",
					"$(inherited)",
				);
				GCC_WARN_64_TO_32_BIT_CONVERSION = YES;
				GCC_WARN_ABOUT_RETURN_TYPE = YES_ERROR;
				GCC_WARN_UNDECLARED_SELECTOR = YES;
				GCC_WARN_UNINITIALIZED_AUTOS = YES_AGGRESSIVE;
				GCC_WARN_UNUSED_FUNCTION = YES;
				GCC_WARN_UNUSED_VARIABLE = YES;
				IPHONEOS_DEPLOYMENT_TARGET = 13.6;
				MTL_ENABLE_DEBUG_INFO = INCLUDE_SOURCE;
				MTL_FAST_MATH = YES;
				ONLY_ACTIVE_ARCH = YES;
				SDKROOT = iphoneos;
				SWIFT_ACTIVE_COMPILATION_CONDITIONS = DEBUG;
				SWIFT_OPTIMIZATION_LEVEL = "-Onone";
			};
			name = Debug;
		};
		044ED37124F7F2BC00CF3BE5 /* Release */ = {
			isa = XCBuildConfiguration;
			buildSettings = {
				ALWAYS_SEARCH_USER_PATHS = NO;
				CLANG_ANALYZER_NONNULL = YES;
				CLANG_ANALYZER_NUMBER_OBJECT_CONVERSION = YES_AGGRESSIVE;
				CLANG_CXX_LANGUAGE_STANDARD = "gnu++14";
				CLANG_CXX_LIBRARY = "libc++";
				CLANG_ENABLE_MODULES = YES;
				CLANG_ENABLE_OBJC_ARC = YES;
				CLANG_ENABLE_OBJC_WEAK = YES;
				CLANG_WARN_BLOCK_CAPTURE_AUTORELEASING = YES;
				CLANG_WARN_BOOL_CONVERSION = YES;
				CLANG_WARN_COMMA = YES;
				CLANG_WARN_CONSTANT_CONVERSION = YES;
				CLANG_WARN_DEPRECATED_OBJC_IMPLEMENTATIONS = YES;
				CLANG_WARN_DIRECT_OBJC_ISA_USAGE = YES_ERROR;
				CLANG_WARN_DOCUMENTATION_COMMENTS = YES;
				CLANG_WARN_EMPTY_BODY = YES;
				CLANG_WARN_ENUM_CONVERSION = YES;
				CLANG_WARN_INFINITE_RECURSION = YES;
				CLANG_WARN_INT_CONVERSION = YES;
				CLANG_WARN_NON_LITERAL_NULL_CONVERSION = YES;
				CLANG_WARN_OBJC_IMPLICIT_RETAIN_SELF = YES;
				CLANG_WARN_OBJC_LITERAL_CONVERSION = YES;
				CLANG_WARN_OBJC_ROOT_CLASS = YES_ERROR;
				CLANG_WARN_RANGE_LOOP_ANALYSIS = YES;
				CLANG_WARN_STRICT_PROTOTYPES = YES;
				CLANG_WARN_SUSPICIOUS_MOVE = YES;
				CLANG_WARN_UNGUARDED_AVAILABILITY = YES_AGGRESSIVE;
				CLANG_WARN_UNREACHABLE_CODE = YES;
				CLANG_WARN__DUPLICATE_METHOD_MATCH = YES;
				COPY_PHASE_STRIP = NO;
				DEBUG_INFORMATION_FORMAT = "dwarf-with-dsym";
				ENABLE_NS_ASSERTIONS = NO;
				ENABLE_STRICT_OBJC_MSGSEND = YES;
				GCC_C_LANGUAGE_STANDARD = gnu11;
				GCC_NO_COMMON_BLOCKS = YES;
				GCC_WARN_64_TO_32_BIT_CONVERSION = YES;
				GCC_WARN_ABOUT_RETURN_TYPE = YES_ERROR;
				GCC_WARN_UNDECLARED_SELECTOR = YES;
				GCC_WARN_UNINITIALIZED_AUTOS = YES_AGGRESSIVE;
				GCC_WARN_UNUSED_FUNCTION = YES;
				GCC_WARN_UNUSED_VARIABLE = YES;
				IPHONEOS_DEPLOYMENT_TARGET = 13.6;
				MTL_ENABLE_DEBUG_INFO = NO;
				MTL_FAST_MATH = YES;
				SDKROOT = iphoneos;
				SWIFT_COMPILATION_MODE = wholemodule;
				SWIFT_OPTIMIZATION_LEVEL = "-O";
				VALIDATE_PRODUCT = YES;
			};
			name = Release;
		};
		044ED37324F7F2BC00CF3BE5 /* Debug */ = {
			isa = XCBuildConfiguration;
			buildSettings = {
				ASSETCATALOG_COMPILER_APPICON_NAME = AppIcon;
				CODE_SIGN_STYLE = Automatic;
				INFOPLIST_FILE = BriefToTest/Info.plist;
				LD_RUNPATH_SEARCH_PATHS = (
					"$(inherited)",
					"@executable_path/Frameworks",
				);
				PRODUCT_BUNDLE_IDENTIFIER = com.christev.BriefToTest;
				PRODUCT_NAME = "$(TARGET_NAME)";
				SWIFT_VERSION = 5.0;
				TARGETED_DEVICE_FAMILY = "1,2";
			};
			name = Debug;
		};
		044ED37424F7F2BC00CF3BE5 /* Release */ = {
			isa = XCBuildConfiguration;
			buildSettings = {
				ASSETCATALOG_COMPILER_APPICON_NAME = AppIcon;
				CODE_SIGN_STYLE = Automatic;
				INFOPLIST_FILE = BriefToTest/Info.plist;
				LD_RUNPATH_SEARCH_PATHS = (
					"$(inherited)",
					"@executable_path/Frameworks",
				);
				PRODUCT_BUNDLE_IDENTIFIER = com.christev.BriefToTest;
				PRODUCT_NAME = "$(TARGET_NAME)";
				SWIFT_VERSION = 5.0;
				TARGETED_DEVICE_FAMILY = "1,2";
			};
			name = Release;
		};
		044ED37624F7F2BC00CF3BE5 /* Debug */ = {
			isa = XCBuildConfiguration;
			buildSettings = {
				ALWAYS_EMBED_SWIFT_STANDARD_LIBRARIES = YES;
				BUNDLE_LOADER = "$(TEST_HOST)";
				CODE_SIGN_STYLE = Automatic;
				INFOPLIST_FILE = BriefToTestTests/Info.plist;
				IPHONEOS_DEPLOYMENT_TARGET = 13.6;
				LD_RUNPATH_SEARCH_PATHS = (
					"$(inherited)",
					"@executable_path/Frameworks",
					"@loader_path/Frameworks",
				);
				PRODUCT_BUNDLE_IDENTIFIER = com.christev.BriefToTestTests;
				PRODUCT_NAME = "$(TARGET_NAME)";
				SWIFT_VERSION = 5.0;
				TARGETED_DEVICE_FAMILY = "1,2";
				TEST_HOST = "$(BUILT_PRODUCTS_DIR)/BriefToTest.app/BriefToTest";
			};
			name = Debug;
		};
		044ED37724F7F2BC00CF3BE5 /* Release */ = {
			isa = XCBuildConfiguration;
			buildSettings = {
				ALWAYS_EMBED_SWIFT_STANDARD_LIBRARIES = YES;
				BUNDLE_LOADER = "$(TEST_HOST)";
				CODE_SIGN_STYLE = Automatic;
				INFOPLIST_FILE = BriefToTestTests/Info.plist;
				IPHONEOS_DEPLOYMENT_TARGET = 13.6;
				LD_RUNPATH_SEARCH_PATHS = (
					"$(inherited)",
					"@executable_path/Frameworks",
					"@loader_path/Frameworks",
				);
				PRODUCT_BUNDLE_IDENTIFIER = com.christev.BriefToTestTests;
				PRODUCT_NAME = "$(TARGET_NAME)";
				SWIFT_VERSION = 5.0;
				TARGETED_DEVICE_FAMILY = "1,2";
				TEST_HOST = "$(BUILT_PRODUCTS_DIR)/BriefToTest.app/BriefToTest";
			};
			name = Release;
		};
/* End XCBuildConfiguration section */

/* Begin XCConfigurationList section */
		044ED34E24F7F2B900CF3BE5 /* Build configuration list for PBXProject "BriefToTest" */ = {
			isa = XCConfigurationList;
			buildConfigurations = (
				044ED37024F7F2BC00CF3BE5 /* Debug */,
				044ED37124F7F2BC00CF3BE5 /* Release */,
			);
			defaultConfigurationIsVisible = 0;
			defaultConfigurationName = Release;
		};
		044ED37224F7F2BC00CF3BE5 /* Build configuration list for PBXNativeTarget "BriefToTest" */ = {
			isa = XCConfigurationList;
			buildConfigurations = (
				044ED37324F7F2BC00CF3BE5 /* Debug */,
				044ED37424F7F2BC00CF3BE5 /* Release */,
			);
			defaultConfigurationIsVisible = 0;
			defaultConfigurationName = Release;
		};
		044ED37524F7F2BC00CF3BE5 /* Build configuration list for PBXNativeTarget "BriefToTestTests" */ = {
			isa = XCConfigurationList;
			buildConfigurations = (
				044ED37624F7F2BC00CF3BE5 /* Debug */,
				044ED37724F7F2BC00CF3BE5 /* Release */,
			);
			defaultConfigurationIsVisible = 0;
			defaultConfigurationName = Release;
		};
/* End XCConfigurationList section */
	};
	rootObject = 044ED34B24F7F2B900CF3BE5 /* Project object */;
}
